
Microsoft Visual Studio Solution File, Format Version 12.00
# Visual Studio Version 17
VisualStudioVersion = 17.9.34728.123
MinimumVisualStudioVersion = 10.0.40219.1
Project("{FAE04EC0-301F-11D3-BF4B-00C04F79EFBC}") = "Exercicio9Lista3", "Exercicio9Lista3\Exercicio9Lista3.csproj", "{AE3D8652-475A-4FDF-807D-062D78CCD504}"
EndProject
Global
	GlobalSection(SolutionConfigurationPlatforms) = preSolution
		Debug|Any CPU = Debug|Any CPU
		Release|Any CPU = Release|Any CPU
	EndGlobalSection
	GlobalSection(ProjectConfigurationPlatforms) = postSolution
		{AE3D8652-475A-4FDF-807D-062D78CCD504}.Debug|Any CPU.ActiveCfg = Debug|Any CPU
		{AE3D8652-475A-4FDF-807D-062D78CCD504}.Debug|Any CPU.Build.0 = Debug|Any CPU
		{AE3D8652-475A-4FDF-807D-062D78CCD504}.Release|Any CPU.ActiveCfg = Release|Any CPU
		{AE3D8652-475A-4FDF-807D-062D78CCD504}.Release|Any CPU.Build.0 = Release|Any CPU
	EndGlobalSection
	GlobalSection(SolutionProperties) = preSolution
		HideSolutionNode = FALSE
	EndGlobalSection
	GlobalSection(ExtensibilityGlobals) = postSolution
		SolutionGuid = {77D1245B-4021-4B38-A888-081F4BD0586B}
	EndGlobalSection
EndGlobal
