
Microsoft Visual Studio Solution File, Format Version 12.00
# Visual Studio Version 17
VisualStudioVersion = 17.9.34728.123
MinimumVisualStudioVersion = 10.0.40219.1
Project("{FAE04EC0-301F-11D3-BF4B-00C04F79EFBC}") = "Exercicio5Lista3", "Exercicio5Lista3\Exercicio5Lista3.csproj", "{7D221D1C-1A49-481C-86D3-678F545B6D30}"
EndProject
Global
	GlobalSection(SolutionConfigurationPlatforms) = preSolution
		Debug|Any CPU = Debug|Any CPU
		Release|Any CPU = Release|Any CPU
	EndGlobalSection
	GlobalSection(ProjectConfigurationPlatforms) = postSolution
		{7D221D1C-1A49-481C-86D3-678F545B6D30}.Debug|Any CPU.ActiveCfg = Debug|Any CPU
		{7D221D1C-1A49-481C-86D3-678F545B6D30}.Debug|Any CPU.Build.0 = Debug|Any CPU
		{7D221D1C-1A49-481C-86D3-678F545B6D30}.Release|Any CPU.ActiveCfg = Release|Any CPU
		{7D221D1C-1A49-481C-86D3-678F545B6D30}.Release|Any CPU.Build.0 = Release|Any CPU
	EndGlobalSection
	GlobalSection(SolutionProperties) = preSolution
		HideSolutionNode = FALSE
	EndGlobalSection
	GlobalSection(ExtensibilityGlobals) = postSolution
		SolutionGuid = {41F5C07A-5345-48C8-BD15-989212F1E45C}
	EndGlobalSection
EndGlobal
