
Microsoft Visual Studio Solution File, Format Version 12.00
# Visual Studio Version 17
VisualStudioVersion = 17.9.34728.123
MinimumVisualStudioVersion = 10.0.40219.1
Project("{FAE04EC0-301F-11D3-BF4B-00C04F79EFBC}") = "Exercicio7_Lista3", "Exercicio7_Lista3\Exercicio7_Lista3.csproj", "{5027EB4F-4035-4225-A339-45B7A02B368A}"
EndProject
Global
	GlobalSection(SolutionConfigurationPlatforms) = preSolution
		Debug|Any CPU = Debug|Any CPU
		Release|Any CPU = Release|Any CPU
	EndGlobalSection
	GlobalSection(ProjectConfigurationPlatforms) = postSolution
		{5027EB4F-4035-4225-A339-45B7A02B368A}.Debug|Any CPU.ActiveCfg = Debug|Any CPU
		{5027EB4F-4035-4225-A339-45B7A02B368A}.Debug|Any CPU.Build.0 = Debug|Any CPU
		{5027EB4F-4035-4225-A339-45B7A02B368A}.Release|Any CPU.ActiveCfg = Release|Any CPU
		{5027EB4F-4035-4225-A339-45B7A02B368A}.Release|Any CPU.Build.0 = Release|Any CPU
	EndGlobalSection
	GlobalSection(SolutionProperties) = preSolution
		HideSolutionNode = FALSE
	EndGlobalSection
	GlobalSection(ExtensibilityGlobals) = postSolution
		SolutionGuid = {F29063DD-5079-4588-80D6-682B48BE948A}
	EndGlobalSection
EndGlobal
